
Microsoft Visual Studio Solution File, Format Version 12.00
# Visual Studio Version 16
VisualStudioVersion = 16.0.31105.61
MinimumVisualStudioVersion = 10.0.40219.1
Project("{9A19103F-16F7-4668-BE54-9A1E7A4F7556}") = "Archivarius", "Archivarius.csproj", "{50719F9F-2083-4CDF-B84E-4962F8B1184F}"
EndProject
Project("{9A19103F-16F7-4668-BE54-9A1E7A4F7556}") = "UI", "UI\UI.csproj", "{2A29408E-BBCB-470F-AEA7-AD2412C1278C}"
EndProject
Global
	GlobalSection(SolutionConfigurationPlatforms) = preSolution
		Debug|Any CPU = Debug|Any CPU
		Release|Any CPU = Release|Any CPU
	EndGlobalSection
	GlobalSection(ProjectConfigurationPlatforms) = postSolution
		{50719F9F-2083-4CDF-B84E-4962F8B1184F}.Debug|Any CPU.ActiveCfg = Debug|Any CPU
		{50719F9F-2083-4CDF-B84E-4962F8B1184F}.Debug|Any CPU.Build.0 = Debug|Any CPU
		{50719F9F-2083-4CDF-B84E-4962F8B1184F}.Release|Any CPU.ActiveCfg = Release|Any CPU
		{50719F9F-2083-4CDF-B84E-4962F8B1184F}.Release|Any CPU.Build.0 = Release|Any CPU
		{2A29408E-BBCB-470F-AEA7-AD2412C1278C}.Debug|Any CPU.ActiveCfg = Debug|Any CPU
		{2A29408E-BBCB-470F-AEA7-AD2412C1278C}.Debug|Any CPU.Build.0 = Debug|Any CPU
		{2A29408E-BBCB-470F-AEA7-AD2412C1278C}.Release|Any CPU.ActiveCfg = Release|Any CPU
		{2A29408E-BBCB-470F-AEA7-AD2412C1278C}.Release|Any CPU.Build.0 = Release|Any CPU
	EndGlobalSection
	GlobalSection(SolutionProperties) = preSolution
		HideSolutionNode = FALSE
	EndGlobalSection
	GlobalSection(ExtensibilityGlobals) = postSolution
		SolutionGuid = {DBD05B62-CBF2-431E-A0F5-505BA9C07451}
	EndGlobalSection
EndGlobal
