
Microsoft Visual Studio Solution File, Format Version 12.00
Project("{FAE04EC0-301F-11D3-BF4B-00C04F79EFBC}") = "ArchivariusTest", "ArchivariusTest\ArchivariusTest.csproj", "{39BABEE0-1DAE-4992-A57E-A03D12AB1C6D}"
EndProject
Project("{FAE04EC0-301F-11D3-BF4B-00C04F79EFBC}") = "Archivarius", "Archivarius\Archivarius.csproj", "{861BAABC-A8F7-4608-B9DD-F777CA1B4A0B}"
EndProject
Project("{FAE04EC0-301F-11D3-BF4B-00C04F79EFBC}") = "WindowMode", "WindowMode\WindowMode.csproj", "{824BAB49-AA3E-4551-8105-3D4F387705E6}"
EndProject
Global
	GlobalSection(SolutionConfigurationPlatforms) = preSolution
		Debug|Any CPU = Debug|Any CPU
		Release|Any CPU = Release|Any CPU
	EndGlobalSection
	GlobalSection(ProjectConfigurationPlatforms) = postSolution
		{2A29408E-BBCB-470F-AEA7-AD2412C1278C}.Debug|Any CPU.ActiveCfg = Debug|Any CPU
		{2A29408E-BBCB-470F-AEA7-AD2412C1278C}.Debug|Any CPU.Build.0 = Debug|Any CPU
		{2A29408E-BBCB-470F-AEA7-AD2412C1278C}.Release|Any CPU.ActiveCfg = Release|Any CPU
		{2A29408E-BBCB-470F-AEA7-AD2412C1278C}.Release|Any CPU.Build.0 = Release|Any CPU
		{824BAB49-AA3E-4551-8105-3D4F387705E6}.Debug|Any CPU.ActiveCfg = Debug|Any CPU
		{824BAB49-AA3E-4551-8105-3D4F387705E6}.Debug|Any CPU.Build.0 = Debug|Any CPU
		{824BAB49-AA3E-4551-8105-3D4F387705E6}.Release|Any CPU.ActiveCfg = Release|Any CPU
		{824BAB49-AA3E-4551-8105-3D4F387705E6}.Release|Any CPU.Build.0 = Release|Any CPU
	EndGlobalSection
	GlobalSection(SolutionProperties) = preSolution
		HideSolutionNode = FALSE
	EndGlobalSection
	GlobalSection(ExtensibilityGlobals) = postSolution
		SolutionGuid = {DBD05B62-CBF2-431E-A0F5-505BA9C07451}
	EndGlobalSection
EndGlobal
